
Microsoft Visual Studio Solution File, Format Version 12.00
# Visual Studio Version 17
VisualStudioVersion = 17.7.34221.43
MinimumVisualStudioVersion = 10.0.40219.1
Project("{FAE04EC0-301F-11D3-BF4B-00C04F79EFBC}") = "Yahoo-Finance", "Yahoo-Finance\Yahoo-Finance.csproj", "{D9CB2030-D958-447C-B95F-DE37427E2970}"
EndProject
Global
	GlobalSection(SolutionConfigurationPlatforms) = preSolution
		Debug|Any CPU = Debug|Any CPU
		Release|Any CPU = Release|Any CPU
	EndGlobalSection
	GlobalSection(ProjectConfigurationPlatforms) = postSolution
		{D9CB2030-D958-447C-B95F-DE37427E2970}.Debug|Any CPU.ActiveCfg = Debug|Any CPU
		{D9CB2030-D958-447C-B95F-DE37427E2970}.Debug|Any CPU.Build.0 = Debug|Any CPU
		{D9CB2030-D958-447C-B95F-DE37427E2970}.Release|Any CPU.ActiveCfg = Release|Any CPU
		{D9CB2030-D958-447C-B95F-DE37427E2970}.Release|Any CPU.Build.0 = Release|Any CPU
	EndGlobalSection
	GlobalSection(SolutionProperties) = preSolution
		HideSolutionNode = FALSE
	EndGlobalSection
	GlobalSection(ExtensibilityGlobals) = postSolution
		SolutionGuid = {126B1438-4084-4AD1-A8BB-520252E53A84}
	EndGlobalSection
EndGlobal
